
Microsoft Visual Studio Solution File, Format Version 12.00
# Visual Studio Version 17
VisualStudioVersion = 17.9.34728.123
MinimumVisualStudioVersion = 10.0.40219.1
Project("{888888A0-9F3D-457C-B088-3A5042F75D52}") = "Drone-even-simulator", "Drone-even-simulator\Drone-even-simulator.pyproj", "{107DEE2B-D4B5-4604-A946-D92917C81E79}"
EndProject
Global
	GlobalSection(SolutionConfigurationPlatforms) = preSolution
		Debug|Any CPU = Debug|Any CPU
		Release|Any CPU = Release|Any CPU
	EndGlobalSection
	GlobalSection(ProjectConfigurationPlatforms) = postSolution
		{107DEE2B-D4B5-4604-A946-D92917C81E79}.Debug|Any CPU.ActiveCfg = Debug|Any CPU
		{107DEE2B-D4B5-4604-A946-D92917C81E79}.Release|Any CPU.ActiveCfg = Release|Any CPU
	EndGlobalSection
	GlobalSection(SolutionProperties) = preSolution
		HideSolutionNode = FALSE
	EndGlobalSection
	GlobalSection(ExtensibilityGlobals) = postSolution
		SolutionGuid = {D742C1B3-18C9-4BC6-A553-1862F62251EE}
	EndGlobalSection
EndGlobal
